// !$*UTF8*$!
{
	archiveVersion = 1;
	classes = {
	};
	objectVersion = 46;
	objects = {

/* Begin PBXBuildFile section */
		76448C0C17EE058500ED18CB /* libRestKit.a in Frameworks */ = {isa = PBXBuildFile; fileRef = 7683BC3117E7811500B4D96D /* libRestKit.a */; };
		76448C1017EE8AB100ED18CB /* CNAPIPersonAuthObject.m in Sources */ = {isa = PBXBuildFile; fileRef = 76448C0F17EE8AB100ED18CB /* CNAPIPersonAuthObject.m */; };
		76448C1217EE8E6600ED18CB /* SystemConfiguration.framework in Frameworks */ = {isa = PBXBuildFile; fileRef = 76448C1117EE8E6600ED18CB /* SystemConfiguration.framework */; };
		7683B7AA17E76AE100B4D96D /* Foundation.framework in Frameworks */ = {isa = PBXBuildFile; fileRef = 7683B7A917E76AE100B4D96D /* Foundation.framework */; };
		7683B7AC17E76AE100B4D96D /* CoreGraphics.framework in Frameworks */ = {isa = PBXBuildFile; fileRef = 7683B7AB17E76AE100B4D96D /* CoreGraphics.framework */; };
		7683B7AE17E76AE100B4D96D /* UIKit.framework in Frameworks */ = {isa = PBXBuildFile; fileRef = 7683B7AD17E76AE100B4D96D /* UIKit.framework */; };
		7683B7B417E76AE100B4D96D /* InfoPlist.strings in Resources */ = {isa = PBXBuildFile; fileRef = 7683B7B217E76AE100B4D96D /* InfoPlist.strings */; };
		7683B7B617E76AE100B4D96D /* main.m in Sources */ = {isa = PBXBuildFile; fileRef = 7683B7B517E76AE100B4D96D /* main.m */; };
		7683B7BA17E76AE100B4D96D /* CNAppDelegate.m in Sources */ = {isa = PBXBuildFile; fileRef = 7683B7B917E76AE100B4D96D /* CNAppDelegate.m */; };
		7683B7BD17E76AE100B4D96D /* Main.storyboard in Resources */ = {isa = PBXBuildFile; fileRef = 7683B7BB17E76AE100B4D96D /* Main.storyboard */; };
		7683B7C517E76AE100B4D96D /* Images.xcassets in Resources */ = {isa = PBXBuildFile; fileRef = 7683B7C417E76AE100B4D96D /* Images.xcassets */; };
		7683B7CC17E76AE200B4D96D /* XCTest.framework in Frameworks */ = {isa = PBXBuildFile; fileRef = 7683B7CB17E76AE200B4D96D /* XCTest.framework */; };
		7683B7CD17E76AE200B4D96D /* Foundation.framework in Frameworks */ = {isa = PBXBuildFile; fileRef = 7683B7A917E76AE100B4D96D /* Foundation.framework */; };
		7683B7CE17E76AE200B4D96D /* UIKit.framework in Frameworks */ = {isa = PBXBuildFile; fileRef = 7683B7AD17E76AE100B4D96D /* UIKit.framework */; };
		7683B7D617E76AE200B4D96D /* InfoPlist.strings in Resources */ = {isa = PBXBuildFile; fileRef = 7683B7D417E76AE200B4D96D /* InfoPlist.strings */; };
		7683B7D817E76AE200B4D96D /* CareTests.m in Sources */ = {isa = PBXBuildFile; fileRef = 7683B7D717E76AE200B4D96D /* CareTests.m */; };
		7683B7E917E76F4800B4D96D /* CNHomeViewController.m in Sources */ = {isa = PBXBuildFile; fileRef = 7683B7E817E76F4800B4D96D /* CNHomeViewController.m */; };
		7683B7EC17E76F5A00B4D96D /* CNTouchViewController.m in Sources */ = {isa = PBXBuildFile; fileRef = 7683B7EB17E76F5A00B4D96D /* CNTouchViewController.m */; };
		7683B7EF17E76F6900B4D96D /* CNMeViewController.m in Sources */ = {isa = PBXBuildFile; fileRef = 7683B7EE17E76F6900B4D96D /* CNMeViewController.m */; };
		7683B7F217E7722300B4D96D /* Model.xcdatamodeld in Sources */ = {isa = PBXBuildFile; fileRef = 7683B7F017E7722300B4D96D /* Model.xcdatamodeld */; };
		7683B7FE17E7797D00B4D96D /* CNNode.m in Sources */ = {isa = PBXBuildFile; fileRef = 7683B7FD17E7797D00B4D96D /* CNNode.m */; };
		7683B80717E77B0C00B4D96D /* CNPerson.m in Sources */ = {isa = PBXBuildFile; fileRef = 7683B80617E77B0C00B4D96D /* CNPerson.m */; };
		7683B80B17E77DA500B4D96D /* CNLoginViewController.m in Sources */ = {isa = PBXBuildFile; fileRef = 7683B80A17E77DA500B4D96D /* CNLoginViewController.m */; };
		7683BC3917E7812900B4D96D /* CoreData.framework in Frameworks */ = {isa = PBXBuildFile; fileRef = 7683BC3817E7812900B4D96D /* CoreData.framework */; };
		7683BC3B17E7813200B4D96D /* CFNetwork.framework in Frameworks */ = {isa = PBXBuildFile; fileRef = 7683BC3A17E7813200B4D96D /* CFNetwork.framework */; };
		7683BC3D17E7813900B4D96D /* Security.framework in Frameworks */ = {isa = PBXBuildFile; fileRef = 7683BC3C17E7813900B4D96D /* Security.framework */; };
		7683BC3F17E7814200B4D96D /* MobileCoreServices.framework in Frameworks */ = {isa = PBXBuildFile; fileRef = 7683BC3E17E7814200B4D96D /* MobileCoreServices.framework */; };
		7683BC4C17E7833B00B4D96D /* CNAPIEngine.m in Sources */ = {isa = PBXBuildFile; fileRef = 7683BC4B17E7833B00B4D96D /* CNAPIEngine.m */; };
		7683BC4F17E783B500B4D96D /* CNAPIEngine+Person.m in Sources */ = {isa = PBXBuildFile; fileRef = 7683BC4E17E783B500B4D96D /* CNAPIEngine+Person.m */; };
		7683BC5217E783C800B4D96D /* CNAPIEngine+Node.m in Sources */ = {isa = PBXBuildFile; fileRef = 7683BC5117E783C800B4D96D /* CNAPIEngine+Node.m */; };
		7683BC5517E7864700B4D96D /* CNSignupViewController.m in Sources */ = {isa = PBXBuildFile; fileRef = 7683BC5417E7864700B4D96D /* CNSignupViewController.m */; };
		7683BC5817E786C200B4D96D /* CNHomeDataSource.m in Sources */ = {isa = PBXBuildFile; fileRef = 7683BC5717E786C200B4D96D /* CNHomeDataSource.m */; };
/* End PBXBuildFile section */

/* Begin PBXContainerItemProxy section */
		7683B7CF17E76AE200B4D96D /* PBXContainerItemProxy */ = {
			isa = PBXContainerItemProxy;
			containerPortal = 7683B79E17E76AE100B4D96D /* Project object */;
			proxyType = 1;
			remoteGlobalIDString = 7683B7A517E76AE100B4D96D;
			remoteInfo = Care;
		};
		7683BC3017E7811500B4D96D /* PBXContainerItemProxy */ = {
			isa = PBXContainerItemProxy;
			containerPortal = 7683BC2917E7811500B4D96D /* RestKit.xcodeproj */;
			proxyType = 2;
			remoteGlobalIDString = 25160D1614564E810060A5C5;
			remoteInfo = RestKit;
		};
		7683BC3217E7811500B4D96D /* PBXContainerItemProxy */ = {
			isa = PBXContainerItemProxy;
			containerPortal = 7683BC2917E7811500B4D96D /* RestKit.xcodeproj */;
			proxyType = 2;
			remoteGlobalIDString = 25160D2614564E820060A5C5;
			remoteInfo = RestKitTests;
		};
		7683BC3417E7811500B4D96D /* PBXContainerItemProxy */ = {
			isa = PBXContainerItemProxy;
			containerPortal = 7683BC2917E7811500B4D96D /* RestKit.xcodeproj */;
			proxyType = 2;
			remoteGlobalIDString = 25160E62145651060060A5C5;
			remoteInfo = RestKitFramework;
		};
		7683BC3617E7811500B4D96D /* PBXContainerItemProxy */ = {
			isa = PBXContainerItemProxy;
			containerPortal = 7683BC2917E7811500B4D96D /* RestKit.xcodeproj */;
			proxyType = 2;
			remoteGlobalIDString = 25160E78145651060060A5C5;
			remoteInfo = RestKitFrameworkTests;
		};
		7683BC4017E7814D00B4D96D /* PBXContainerItemProxy */ = {
			isa = PBXContainerItemProxy;
			containerPortal = 7683BC2917E7811500B4D96D /* RestKit.xcodeproj */;
			proxyType = 1;
			remoteGlobalIDString = 25160D1514564E810060A5C5;
			remoteInfo = RestKit;
		};
/* End PBXContainerItemProxy section */

/* Begin PBXFileReference section */
		76448C0B17EE036100ED18CB /* CNAPIConfig.h */ = {isa = PBXFileReference; fileEncoding = 4; lastKnownFileType = sourcecode.c.h; path = CNAPIConfig.h; sourceTree = "<group>"; };
		76448C0E17EE8AB100ED18CB /* CNAPIPersonAuthObject.h */ = {isa = PBXFileReference; fileEncoding = 4; lastKnownFileType = sourcecode.c.h; path = CNAPIPersonAuthObject.h; sourceTree = "<group>"; };
		76448C0F17EE8AB100ED18CB /* CNAPIPersonAuthObject.m */ = {isa = PBXFileReference; fileEncoding = 4; lastKnownFileType = sourcecode.c.objc; path = CNAPIPersonAuthObject.m; sourceTree = "<group>"; };
		76448C1117EE8E6600ED18CB /* SystemConfiguration.framework */ = {isa = PBXFileReference; lastKnownFileType = wrapper.framework; name = SystemConfiguration.framework; path = System/Library/Frameworks/SystemConfiguration.framework; sourceTree = SDKROOT; };
		76448C1317EE914E00ED18CB /* CNAPIDefines.h */ = {isa = PBXFileReference; fileEncoding = 4; lastKnownFileType = sourcecode.c.h; path = CNAPIDefines.h; sourceTree = "<group>"; };
		7683B7A617E76AE100B4D96D /* Care.app */ = {isa = PBXFileReference; explicitFileType = wrapper.application; includeInIndex = 0; path = Care.app; sourceTree = BUILT_PRODUCTS_DIR; };
		7683B7A917E76AE100B4D96D /* Foundation.framework */ = {isa = PBXFileReference; lastKnownFileType = wrapper.framework; name = Foundation.framework; path = System/Library/Frameworks/Foundation.framework; sourceTree = SDKROOT; };
		7683B7AB17E76AE100B4D96D /* CoreGraphics.framework */ = {isa = PBXFileReference; lastKnownFileType = wrapper.framework; name = CoreGraphics.framework; path = System/Library/Frameworks/CoreGraphics.framework; sourceTree = SDKROOT; };
		7683B7AD17E76AE100B4D96D /* UIKit.framework */ = {isa = PBXFileReference; lastKnownFileType = wrapper.framework; name = UIKit.framework; path = System/Library/Frameworks/UIKit.framework; sourceTree = SDKROOT; };
		7683B7B117E76AE100B4D96D /* Care-Info.plist */ = {isa = PBXFileReference; lastKnownFileType = text.plist.xml; path = "Care-Info.plist"; sourceTree = "<group>"; };
		7683B7B317E76AE100B4D96D /* en */ = {isa = PBXFileReference; lastKnownFileType = text.plist.strings; name = en; path = en.lproj/InfoPlist.strings; sourceTree = "<group>"; };
		7683B7B517E76AE100B4D96D /* main.m */ = {isa = PBXFileReference; lastKnownFileType = sourcecode.c.objc; path = main.m; sourceTree = "<group>"; };
		7683B7B717E76AE100B4D96D /* Care-Prefix.pch */ = {isa = PBXFileReference; lastKnownFileType = sourcecode.c.h; path = "Care-Prefix.pch"; sourceTree = "<group>"; };
		7683B7B817E76AE100B4D96D /* CNAppDelegate.h */ = {isa = PBXFileReference; lastKnownFileType = sourcecode.c.h; path = CNAppDelegate.h; sourceTree = "<group>"; };
		7683B7B917E76AE100B4D96D /* CNAppDelegate.m */ = {isa = PBXFileReference; lastKnownFileType = sourcecode.c.objc; path = CNAppDelegate.m; sourceTree = "<group>"; };
		7683B7BC17E76AE100B4D96D /* Base */ = {isa = PBXFileReference; lastKnownFileType = file.storyboard; name = Base; path = Base.lproj/Main.storyboard; sourceTree = "<group>"; };
		7683B7C417E76AE100B4D96D /* Images.xcassets */ = {isa = PBXFileReference; lastKnownFileType = folder.assetcatalog; path = Images.xcassets; sourceTree = "<group>"; };
		7683B7CA17E76AE200B4D96D /* CareTests.xctest */ = {isa = PBXFileReference; explicitFileType = wrapper.cfbundle; includeInIndex = 0; path = CareTests.xctest; sourceTree = BUILT_PRODUCTS_DIR; };
		7683B7CB17E76AE200B4D96D /* XCTest.framework */ = {isa = PBXFileReference; lastKnownFileType = wrapper.framework; name = XCTest.framework; path = Library/Frameworks/XCTest.framework; sourceTree = DEVELOPER_DIR; };
		7683B7D317E76AE200B4D96D /* CareTests-Info.plist */ = {isa = PBXFileReference; lastKnownFileType = text.plist.xml; path = "CareTests-Info.plist"; sourceTree = "<group>"; };
		7683B7D517E76AE200B4D96D /* en */ = {isa = PBXFileReference; lastKnownFileType = text.plist.strings; name = en; path = en.lproj/InfoPlist.strings; sourceTree = "<group>"; };
		7683B7D717E76AE200B4D96D /* CareTests.m */ = {isa = PBXFileReference; lastKnownFileType = sourcecode.c.objc; path = CareTests.m; sourceTree = "<group>"; };
		7683B7E717E76F4800B4D96D /* CNHomeViewController.h */ = {isa = PBXFileReference; fileEncoding = 4; lastKnownFileType = sourcecode.c.h; path = CNHomeViewController.h; sourceTree = "<group>"; };
		7683B7E817E76F4800B4D96D /* CNHomeViewController.m */ = {isa = PBXFileReference; fileEncoding = 4; lastKnownFileType = sourcecode.c.objc; path = CNHomeViewController.m; sourceTree = "<group>"; };
		7683B7EA17E76F5A00B4D96D /* CNTouchViewController.h */ = {isa = PBXFileReference; fileEncoding = 4; lastKnownFileType = sourcecode.c.h; path = CNTouchViewController.h; sourceTree = "<group>"; };
		7683B7EB17E76F5A00B4D96D /* CNTouchViewController.m */ = {isa = PBXFileReference; fileEncoding = 4; lastKnownFileType = sourcecode.c.objc; path = CNTouchViewController.m; sourceTree = "<group>"; };
		7683B7ED17E76F6900B4D96D /* CNMeViewController.h */ = {isa = PBXFileReference; fileEncoding = 4; lastKnownFileType = sourcecode.c.h; path = CNMeViewController.h; sourceTree = "<group>"; };
		7683B7EE17E76F6900B4D96D /* CNMeViewController.m */ = {isa = PBXFileReference; fileEncoding = 4; lastKnownFileType = sourcecode.c.objc; path = CNMeViewController.m; sourceTree = "<group>"; };
		7683B7F117E7722300B4D96D /* Model.xcdatamodel */ = {isa = PBXFileReference; lastKnownFileType = wrapper.xcdatamodel; path = Model.xcdatamodel; sourceTree = "<group>"; };
		7683B7FC17E7797D00B4D96D /* CNNode.h */ = {isa = PBXFileReference; fileEncoding = 4; lastKnownFileType = sourcecode.c.h; path = CNNode.h; sourceTree = "<group>"; };
		7683B7FD17E7797D00B4D96D /* CNNode.m */ = {isa = PBXFileReference; fileEncoding = 4; lastKnownFileType = sourcecode.c.objc; path = CNNode.m; sourceTree = "<group>"; };
		7683B80517E77B0C00B4D96D /* CNPerson.h */ = {isa = PBXFileReference; fileEncoding = 4; lastKnownFileType = sourcecode.c.h; path = CNPerson.h; sourceTree = "<group>"; };
		7683B80617E77B0C00B4D96D /* CNPerson.m */ = {isa = PBXFileReference; fileEncoding = 4; lastKnownFileType = sourcecode.c.objc; path = CNPerson.m; sourceTree = "<group>"; };
		7683B80917E77DA500B4D96D /* CNLoginViewController.h */ = {isa = PBXFileReference; fileEncoding = 4; lastKnownFileType = sourcecode.c.h; path = CNLoginViewController.h; sourceTree = "<group>"; };
		7683B80A17E77DA500B4D96D /* CNLoginViewController.m */ = {isa = PBXFileReference; fileEncoding = 4; lastKnownFileType = sourcecode.c.objc; path = CNLoginViewController.m; sourceTree = "<group>"; };
		7683BC2917E7811500B4D96D /* RestKit.xcodeproj */ = {isa = PBXFileReference; lastKnownFileType = "wrapper.pb-project"; name = RestKit.xcodeproj; path = RestKit/RestKit.xcodeproj; sourceTree = "<group>"; };
		7683BC3817E7812900B4D96D /* CoreData.framework */ = {isa = PBXFileReference; lastKnownFileType = wrapper.framework; name = CoreData.framework; path = System/Library/Frameworks/CoreData.framework; sourceTree = SDKROOT; };
		7683BC3A17E7813200B4D96D /* CFNetwork.framework */ = {isa = PBXFileReference; lastKnownFileType = wrapper.framework; name = CFNetwork.framework; path = System/Library/Frameworks/CFNetwork.framework; sourceTree = SDKROOT; };
		7683BC3C17E7813900B4D96D /* Security.framework */ = {isa = PBXFileReference; lastKnownFileType = wrapper.framework; name = Security.framework; path = System/Library/Frameworks/Security.framework; sourceTree = SDKROOT; };
		7683BC3E17E7814200B4D96D /* MobileCoreServices.framework */ = {isa = PBXFileReference; lastKnownFileType = wrapper.framework; name = MobileCoreServices.framework; path = System/Library/Frameworks/MobileCoreServices.framework; sourceTree = SDKROOT; };
		7683BC4A17E7833B00B4D96D /* CNAPIEngine.h */ = {isa = PBXFileReference; fileEncoding = 4; lastKnownFileType = sourcecode.c.h; path = CNAPIEngine.h; sourceTree = "<group>"; };
		7683BC4B17E7833B00B4D96D /* CNAPIEngine.m */ = {isa = PBXFileReference; fileEncoding = 4; lastKnownFileType = sourcecode.c.objc; path = CNAPIEngine.m; sourceTree = "<group>"; };
		7683BC4D17E783B500B4D96D /* CNAPIEngine+Person.h */ = {isa = PBXFileReference; fileEncoding = 4; lastKnownFileType = sourcecode.c.h; path = "CNAPIEngine+Person.h"; sourceTree = "<group>"; };
		7683BC4E17E783B500B4D96D /* CNAPIEngine+Person.m */ = {isa = PBXFileReference; fileEncoding = 4; lastKnownFileType = sourcecode.c.objc; path = "CNAPIEngine+Person.m"; sourceTree = "<group>"; };
		7683BC5017E783C800B4D96D /* CNAPIEngine+Node.h */ = {isa = PBXFileReference; fileEncoding = 4; lastKnownFileType = sourcecode.c.h; path = "CNAPIEngine+Node.h"; sourceTree = "<group>"; };
		7683BC5117E783C800B4D96D /* CNAPIEngine+Node.m */ = {isa = PBXFileReference; fileEncoding = 4; lastKnownFileType = sourcecode.c.objc; path = "CNAPIEngine+Node.m"; sourceTree = "<group>"; };
		7683BC5317E7864700B4D96D /* CNSignupViewController.h */ = {isa = PBXFileReference; fileEncoding = 4; lastKnownFileType = sourcecode.c.h; path = CNSignupViewController.h; sourceTree = "<group>"; };
		7683BC5417E7864700B4D96D /* CNSignupViewController.m */ = {isa = PBXFileReference; fileEncoding = 4; lastKnownFileType = sourcecode.c.objc; path = CNSignupViewController.m; sourceTree = "<group>"; };
		7683BC5617E786C200B4D96D /* CNHomeDataSource.h */ = {isa = PBXFileReference; fileEncoding = 4; lastKnownFileType = sourcecode.c.h; path = CNHomeDataSource.h; sourceTree = "<group>"; };
		7683BC5717E786C200B4D96D /* CNHomeDataSource.m */ = {isa = PBXFileReference; fileEncoding = 4; lastKnownFileType = sourcecode.c.objc; path = CNHomeDataSource.m; sourceTree = "<group>"; };
		7683BC5917E787DE00B4D96D /* CNModelEntityDefines.h */ = {isa = PBXFileReference; fileEncoding = 4; lastKnownFileType = sourcecode.c.h; path = CNModelEntityDefines.h; sourceTree = "<group>"; };
/* End PBXFileReference section */

/* Begin PBXFrameworksBuildPhase section */
		7683B7A317E76AE100B4D96D /* Frameworks */ = {
			isa = PBXFrameworksBuildPhase;
			buildActionMask = 2147483647;
			files = (
				76448C1217EE8E6600ED18CB /* SystemConfiguration.framework in Frameworks */,
				76448C0C17EE058500ED18CB /* libRestKit.a in Frameworks */,
				7683BC3F17E7814200B4D96D /* MobileCoreServices.framework in Frameworks */,
				7683BC3D17E7813900B4D96D /* Security.framework in Frameworks */,
				7683BC3B17E7813200B4D96D /* CFNetwork.framework in Frameworks */,
				7683BC3917E7812900B4D96D /* CoreData.framework in Frameworks */,
				7683B7AC17E76AE100B4D96D /* CoreGraphics.framework in Frameworks */,
				7683B7AE17E76AE100B4D96D /* UIKit.framework in Frameworks */,
				7683B7AA17E76AE100B4D96D /* Foundation.framework in Frameworks */,
			);
			runOnlyForDeploymentPostprocessing = 0;
		};
		7683B7C717E76AE200B4D96D /* Frameworks */ = {
			isa = PBXFrameworksBuildPhase;
			buildActionMask = 2147483647;
			files = (
				7683B7CC17E76AE200B4D96D /* XCTest.framework in Frameworks */,
				7683B7CE17E76AE200B4D96D /* UIKit.framework in Frameworks */,
				7683B7CD17E76AE200B4D96D /* Foundation.framework in Frameworks */,
			);
			runOnlyForDeploymentPostprocessing = 0;
		};
/* End PBXFrameworksBuildPhase section */

/* Begin PBXGroup section */
		76448C0D17EE8A3200ED18CB /* Object */ = {
			isa = PBXGroup;
			children = (
				76448C0E17EE8AB100ED18CB /* CNAPIPersonAuthObject.h */,
				76448C0F17EE8AB100ED18CB /* CNAPIPersonAuthObject.m */,
			);
			name = Object;
			sourceTree = "<group>";
		};
		7683B79D17E76AE100B4D96D = {
			isa = PBXGroup;
			children = (
				7683B7AF17E76AE100B4D96D /* Care */,
				7683B7E617E76BFF00B4D96D /* Resources */,
				7683B80C17E780DA00B4D96D /* Vendor */,
				7683B7B017E76AE100B4D96D /* Supporting Files */,
				7683B7D117E76AE200B4D96D /* CareTests */,
				7683B7A817E76AE100B4D96D /* Frameworks */,
				7683B7A717E76AE100B4D96D /* Products */,
			);
			sourceTree = "<group>";
		};
		7683B7A717E76AE100B4D96D /* Products */ = {
			isa = PBXGroup;
			children = (
				7683B7A617E76AE100B4D96D /* Care.app */,
				7683B7CA17E76AE200B4D96D /* CareTests.xctest */,
			);
			name = Products;
			sourceTree = "<group>";
		};
		7683B7A817E76AE100B4D96D /* Frameworks */ = {
			isa = PBXGroup;
			children = (
				76448C1117EE8E6600ED18CB /* SystemConfiguration.framework */,
				7683BC3E17E7814200B4D96D /* MobileCoreServices.framework */,
				7683BC3C17E7813900B4D96D /* Security.framework */,
				7683BC3A17E7813200B4D96D /* CFNetwork.framework */,
				7683BC3817E7812900B4D96D /* CoreData.framework */,
				7683B7A917E76AE100B4D96D /* Foundation.framework */,
				7683B7AB17E76AE100B4D96D /* CoreGraphics.framework */,
				7683B7AD17E76AE100B4D96D /* UIKit.framework */,
				7683B7CB17E76AE200B4D96D /* XCTest.framework */,
			);
			name = Frameworks;
			sourceTree = "<group>";
		};
		7683B7AF17E76AE100B4D96D /* Care */ = {
			isa = PBXGroup;
			children = (
				7683BC4617E782D400B4D96D /* API */,
				7683B7E417E76BD100B4D96D /* View Controller */,
				7683B7E317E76BCC00B4D96D /* Model */,
				7683B7B817E76AE100B4D96D /* CNAppDelegate.h */,
				7683B7B917E76AE100B4D96D /* CNAppDelegate.m */,
			);
			path = Care;
			sourceTree = "<group>";
		};
		7683B7B017E76AE100B4D96D /* Supporting Files */ = {
			isa = PBXGroup;
			children = (
				7683B7B117E76AE100B4D96D /* Care-Info.plist */,
				7683B7B217E76AE100B4D96D /* InfoPlist.strings */,
				7683B7B517E76AE100B4D96D /* main.m */,
				7683B7B717E76AE100B4D96D /* Care-Prefix.pch */,
			);
			name = "Supporting Files";
			path = Care;
			sourceTree = "<group>";
		};
		7683B7D117E76AE200B4D96D /* CareTests */ = {
			isa = PBXGroup;
			children = (
				7683B7D717E76AE200B4D96D /* CareTests.m */,
				7683B7D217E76AE200B4D96D /* Supporting Files */,
			);
			path = CareTests;
			sourceTree = "<group>";
		};
		7683B7D217E76AE200B4D96D /* Supporting Files */ = {
			isa = PBXGroup;
			children = (
				7683B7D317E76AE200B4D96D /* CareTests-Info.plist */,
				7683B7D417E76AE200B4D96D /* InfoPlist.strings */,
			);
			name = "Supporting Files";
			sourceTree = "<group>";
		};
		7683B7E317E76BCC00B4D96D /* Model */ = {
			isa = PBXGroup;
			children = (
				7683BC4417E782A800B4D96D /* Entitiy */,
			);
			name = Model;
			sourceTree = "<group>";
		};
		7683B7E417E76BD100B4D96D /* View Controller */ = {
			isa = PBXGroup;
			children = (
				7683B7BB17E76AE100B4D96D /* Main.storyboard */,
				7683B80817E77D8F00B4D96D /* Signup && Login */,
				7683B7FB17E7795A00B4D96D /* Me */,
				7683B7FA17E7794F00B4D96D /* Touch */,
				7683B7F917E7794500B4D96D /* Home */,
			);
			name = "View Controller";
			sourceTree = "<group>";
		};
		7683B7E617E76BFF00B4D96D /* Resources */ = {
			isa = PBXGroup;
			children = (
				7683B7C417E76AE100B4D96D /* Images.xcassets */,
			);
			name = Resources;
			path = Care;
			sourceTree = "<group>";
		};
		7683B7F917E7794500B4D96D /* Home */ = {
			isa = PBXGroup;
			children = (
				7683B7E717E76F4800B4D96D /* CNHomeViewController.h */,
				7683B7E817E76F4800B4D96D /* CNHomeViewController.m */,
				7683BC5617E786C200B4D96D /* CNHomeDataSource.h */,
				7683BC5717E786C200B4D96D /* CNHomeDataSource.m */,
			);
			name = Home;
			sourceTree = "<group>";
		};
		7683B7FA17E7794F00B4D96D /* Touch */ = {
			isa = PBXGroup;
			children = (
				7683B7EA17E76F5A00B4D96D /* CNTouchViewController.h */,
				7683B7EB17E76F5A00B4D96D /* CNTouchViewController.m */,
			);
			name = Touch;
			sourceTree = "<group>";
		};
		7683B7FB17E7795A00B4D96D /* Me */ = {
			isa = PBXGroup;
			children = (
				7683B7ED17E76F6900B4D96D /* CNMeViewController.h */,
				7683B7EE17E76F6900B4D96D /* CNMeViewController.m */,
			);
			name = Me;
			sourceTree = "<group>";
		};
		7683B80817E77D8F00B4D96D /* Signup && Login */ = {
			isa = PBXGroup;
			children = (
				7683B80917E77DA500B4D96D /* CNLoginViewController.h */,
				7683B80A17E77DA500B4D96D /* CNLoginViewController.m */,
				7683BC5317E7864700B4D96D /* CNSignupViewController.h */,
				7683BC5417E7864700B4D96D /* CNSignupViewController.m */,
			);
			name = "Signup && Login";
			sourceTree = "<group>";
		};
		7683B80C17E780DA00B4D96D /* Vendor */ = {
			isa = PBXGroup;
			children = (
				7683BC2917E7811500B4D96D /* RestKit.xcodeproj */,
			);
			path = Vendor;
			sourceTree = SOURCE_ROOT;
		};
		7683BC2A17E7811500B4D96D /* Products */ = {
			isa = PBXGroup;
			children = (
				7683BC3117E7811500B4D96D /* libRestKit.a */,
				7683BC3317E7811500B4D96D /* RestKitTests.octest */,
				7683BC3517E7811500B4D96D /* RestKit.framework */,
				7683BC3717E7811500B4D96D /* RestKitFrameworkTests.octest */,
			);
			name = Products;
			sourceTree = "<group>";
		};
		7683BC4417E782A800B4D96D /* Entitiy */ = {
			isa = PBXGroup;
			children = (
				7683BC5917E787DE00B4D96D /* CNModelEntityDefines.h */,
				7683B7FC17E7797D00B4D96D /* CNNode.h */,
				7683B7FD17E7797D00B4D96D /* CNNode.m */,
				7683B80517E77B0C00B4D96D /* CNPerson.h */,
				7683B80617E77B0C00B4D96D /* CNPerson.m */,
				7683B7F017E7722300B4D96D /* Model.xcdatamodeld */,
			);
			name = Entitiy;
			sourceTree = "<group>";
		};
		7683BC4617E782D400B4D96D /* API */ = {
			isa = PBXGroup;
			children = (
				76448C1317EE914E00ED18CB /* CNAPIDefines.h */,
				76448C0B17EE036100ED18CB /* CNAPIConfig.h */,
				76448C0D17EE8A3200ED18CB /* Object */,
				7683BC4A17E7833B00B4D96D /* CNAPIEngine.h */,
				7683BC4B17E7833B00B4D96D /* CNAPIEngine.m */,
				7683BC4D17E783B500B4D96D /* CNAPIEngine+Person.h */,
				7683BC4E17E783B500B4D96D /* CNAPIEngine+Person.m */,
				7683BC5017E783C800B4D96D /* CNAPIEngine+Node.h */,
				7683BC5117E783C800B4D96D /* CNAPIEngine+Node.m */,
			);
			name = API;
			sourceTree = "<group>";
		};
/* End PBXGroup section */

/* Begin PBXNativeTarget section */
		7683B7A517E76AE100B4D96D /* Care */ = {
			isa = PBXNativeTarget;
			buildConfigurationList = 7683B7DB17E76AE200B4D96D /* Build configuration list for PBXNativeTarget "Care" */;
			buildPhases = (
				7683B7A217E76AE100B4D96D /* Sources */,
				7683B7A317E76AE100B4D96D /* Frameworks */,
				7683B7A417E76AE100B4D96D /* Resources */,
			);
			buildRules = (
			);
			dependencies = (
				7683BC4117E7814D00B4D96D /* PBXTargetDependency */,
			);
			name = Care;
			productName = Care;
			productReference = 7683B7A617E76AE100B4D96D /* Care.app */;
			productType = "com.apple.product-type.application";
		};
		7683B7C917E76AE200B4D96D /* CareTests */ = {
			isa = PBXNativeTarget;
			buildConfigurationList = 7683B7DE17E76AE200B4D96D /* Build configuration list for PBXNativeTarget "CareTests" */;
			buildPhases = (
				7683B7C617E76AE200B4D96D /* Sources */,
				7683B7C717E76AE200B4D96D /* Frameworks */,
				7683B7C817E76AE200B4D96D /* Resources */,
			);
			buildRules = (
			);
			dependencies = (
				7683B7D017E76AE200B4D96D /* PBXTargetDependency */,
			);
			name = CareTests;
			productName = CareTests;
			productReference = 7683B7CA17E76AE200B4D96D /* CareTests.xctest */;
			productType = "com.apple.product-type.bundle.unit-test";
		};
/* End PBXNativeTarget section */

/* Begin PBXProject section */
		7683B79E17E76AE100B4D96D /* Project object */ = {
			isa = PBXProject;
			attributes = {
				CLASSPREFIX = CN;
				LastUpgradeCheck = 0500;
				ORGANIZATIONNAME = CareNodes;
				TargetAttributes = {
					7683B7C917E76AE200B4D96D = {
						TestTargetID = 7683B7A517E76AE100B4D96D;
					};
				};
			};
			buildConfigurationList = 7683B7A117E76AE100B4D96D /* Build configuration list for PBXProject "Care" */;
			compatibilityVersion = "Xcode 3.2";
			developmentRegion = English;
			hasScannedForEncodings = 0;
			knownRegions = (
				en,
				Base,
			);
			mainGroup = 7683B79D17E76AE100B4D96D;
			productRefGroup = 7683B7A717E76AE100B4D96D /* Products */;
			projectDirPath = "";
			projectReferences = (
				{
					ProductGroup = 7683BC2A17E7811500B4D96D /* Products */;
					ProjectRef = 7683BC2917E7811500B4D96D /* RestKit.xcodeproj */;
				},
			);
			projectRoot = "";
			targets = (
				7683B7A517E76AE100B4D96D /* Care */,
				7683B7C917E76AE200B4D96D /* CareTests */,
			);
		};
/* End PBXProject section */

/* Begin PBXReferenceProxy section */
		7683BC3117E7811500B4D96D /* libRestKit.a */ = {
			isa = PBXReferenceProxy;
			fileType = archive.ar;
			path = libRestKit.a;
			remoteRef = 7683BC3017E7811500B4D96D /* PBXContainerItemProxy */;
			sourceTree = BUILT_PRODUCTS_DIR;
		};
		7683BC3317E7811500B4D96D /* RestKitTests.octest */ = {
			isa = PBXReferenceProxy;
			fileType = wrapper.cfbundle;
			path = RestKitTests.octest;
			remoteRef = 7683BC3217E7811500B4D96D /* PBXContainerItemProxy */;
			sourceTree = BUILT_PRODUCTS_DIR;
		};
		7683BC3517E7811500B4D96D /* RestKit.framework */ = {
			isa = PBXReferenceProxy;
			fileType = wrapper.framework;
			path = RestKit.framework;
			remoteRef = 7683BC3417E7811500B4D96D /* PBXContainerItemProxy */;
			sourceTree = BUILT_PRODUCTS_DIR;
		};
		7683BC3717E7811500B4D96D /* RestKitFrameworkTests.octest */ = {
			isa = PBXReferenceProxy;
			fileType = wrapper.cfbundle;
			path = RestKitFrameworkTests.octest;
			remoteRef = 7683BC3617E7811500B4D96D /* PBXContainerItemProxy */;
			sourceTree = BUILT_PRODUCTS_DIR;
		};
/* End PBXReferenceProxy section */

/* Begin PBXResourcesBuildPhase section */
		7683B7A417E76AE100B4D96D /* Resources */ = {
			isa = PBXResourcesBuildPhase;
			buildActionMask = 2147483647;
			files = (
				7683B7C517E76AE100B4D96D /* Images.xcassets in Resources */,
				7683B7B417E76AE100B4D96D /* InfoPlist.strings in Resources */,
				7683B7BD17E76AE100B4D96D /* Main.storyboard in Resources */,
			);
			runOnlyForDeploymentPostprocessing = 0;
		};
		7683B7C817E76AE200B4D96D /* Resources */ = {
			isa = PBXResourcesBuildPhase;
			buildActionMask = 2147483647;
			files = (
				7683B7D617E76AE200B4D96D /* InfoPlist.strings in Resources */,
			);
			runOnlyForDeploymentPostprocessing = 0;
		};
/* End PBXResourcesBuildPhase section */

/* Begin PBXSourcesBuildPhase section */
		7683B7A217E76AE100B4D96D /* Sources */ = {
			isa = PBXSourcesBuildPhase;
			buildActionMask = 2147483647;
			files = (
				7683B7B617E76AE100B4D96D /* main.m in Sources */,
				7683BC4F17E783B500B4D96D /* CNAPIEngine+Person.m in Sources */,
				7683BC5217E783C800B4D96D /* CNAPIEngine+Node.m in Sources */,
				7683B7FE17E7797D00B4D96D /* CNNode.m in Sources */,
				7683B80B17E77DA500B4D96D /* CNLoginViewController.m in Sources */,
				7683BC4C17E7833B00B4D96D /* CNAPIEngine.m in Sources */,
				7683B7EC17E76F5A00B4D96D /* CNTouchViewController.m in Sources */,
				7683B7EF17E76F6900B4D96D /* CNMeViewController.m in Sources */,
				7683B7E917E76F4800B4D96D /* CNHomeViewController.m in Sources */,
				7683B80717E77B0C00B4D96D /* CNPerson.m in Sources */,
				7683BC5517E7864700B4D96D /* CNSignupViewController.m in Sources */,
				7683B7BA17E76AE100B4D96D /* CNAppDelegate.m in Sources */,
				76448C1017EE8AB100ED18CB /* CNAPIPersonAuthObject.m in Sources */,
				7683B7F217E7722300B4D96D /* Model.xcdatamodeld in Sources */,
				7683BC5817E786C200B4D96D /* CNHomeDataSource.m in Sources */,
			);
			runOnlyForDeploymentPostprocessing = 0;
		};
		7683B7C617E76AE200B4D96D /* Sources */ = {
			isa = PBXSourcesBuildPhase;
			buildActionMask = 2147483647;
			files = (
				7683B7D817E76AE200B4D96D /* CareTests.m in Sources */,
			);
			runOnlyForDeploymentPostprocessing = 0;
		};
/* End PBXSourcesBuildPhase section */

/* Begin PBXTargetDependency section */
		7683B7D017E76AE200B4D96D /* PBXTargetDependency */ = {
			isa = PBXTargetDependency;
			target = 7683B7A517E76AE100B4D96D /* Care */;
			targetProxy = 7683B7CF17E76AE200B4D96D /* PBXContainerItemProxy */;
		};
		7683BC4117E7814D00B4D96D /* PBXTargetDependency */ = {
			isa = PBXTargetDependency;
			name = RestKit;
			targetProxy = 7683BC4017E7814D00B4D96D /* PBXContainerItemProxy */;
		};
/* End PBXTargetDependency section */

/* Begin PBXVariantGroup section */
		7683B7B217E76AE100B4D96D /* InfoPlist.strings */ = {
			isa = PBXVariantGroup;
			children = (
				7683B7B317E76AE100B4D96D /* en */,
			);
			name = InfoPlist.strings;
			sourceTree = "<group>";
		};
		7683B7BB17E76AE100B4D96D /* Main.storyboard */ = {
			isa = PBXVariantGroup;
			children = (
				7683B7BC17E76AE100B4D96D /* Base */,
			);
			name = Main.storyboard;
			sourceTree = "<group>";
		};
		7683B7D417E76AE200B4D96D /* InfoPlist.strings */ = {
			isa = PBXVariantGroup;
			children = (
				7683B7D517E76AE200B4D96D /* en */,
			);
			name = InfoPlist.strings;
			sourceTree = "<group>";
		};
/* End PBXVariantGroup section */

/* Begin XCBuildConfiguration section */
		7683B7D917E76AE200B4D96D /* Debug */ = {
			isa = XCBuildConfiguration;
			buildSettings = {
				ALWAYS_SEARCH_USER_PATHS = NO;
				ARCHS = "$(ARCHS_STANDARD_INCLUDING_64_BIT)";
				CLANG_CXX_LANGUAGE_STANDARD = "gnu++0x";
				CLANG_CXX_LIBRARY = "libc++";
				CLANG_ENABLE_MODULES = YES;
				CLANG_ENABLE_OBJC_ARC = YES;
				CLANG_WARN_BOOL_CONVERSION = YES;
				CLANG_WARN_CONSTANT_CONVERSION = YES;
				CLANG_WARN_DIRECT_OBJC_ISA_USAGE = YES_ERROR;
				CLANG_WARN_EMPTY_BODY = YES;
				CLANG_WARN_ENUM_CONVERSION = YES;
				CLANG_WARN_INT_CONVERSION = YES;
				CLANG_WARN_OBJC_ROOT_CLASS = YES_ERROR;
				CLANG_WARN__DUPLICATE_METHOD_MATCH = YES;
				"CODE_SIGN_IDENTITY[sdk=iphoneos*]" = "iPhone Developer";
				COPY_PHASE_STRIP = NO;
				GCC_C_LANGUAGE_STANDARD = gnu99;
				GCC_DYNAMIC_NO_PIC = NO;
				GCC_OPTIMIZATION_LEVEL = 0;
				GCC_PREPROCESSOR_DEFINITIONS = (
					"DEBUG=1",
					"$(inherited)",
				);
				GCC_SYMBOLS_PRIVATE_EXTERN = NO;
				GCC_WARN_64_TO_32_BIT_CONVERSION = YES;
				GCC_WARN_ABOUT_RETURN_TYPE = YES_ERROR;
				GCC_WARN_UNDECLARED_SELECTOR = YES;
				GCC_WARN_UNINITIALIZED_AUTOS = YES;
				GCC_WARN_UNUSED_FUNCTION = YES;
				GCC_WARN_UNUSED_VARIABLE = YES;
				IPHONEOS_DEPLOYMENT_TARGET = 7.0;
				ONLY_ACTIVE_ARCH = YES;
				SDKROOT = iphoneos;
			};
			name = Debug;
		};
		7683B7DA17E76AE200B4D96D /* Release */ = {
			isa = XCBuildConfiguration;
			buildSettings = {
				ALWAYS_SEARCH_USER_PATHS = NO;
				ARCHS = "$(ARCHS_STANDARD_INCLUDING_64_BIT)";
				CLANG_CXX_LANGUAGE_STANDARD = "gnu++0x";
				CLANG_CXX_LIBRARY = "libc++";
				CLANG_ENABLE_MODULES = YES;
				CLANG_ENABLE_OBJC_ARC = YES;
				CLANG_WARN_BOOL_CONVERSION = YES;
				CLANG_WARN_CONSTANT_CONVERSION = YES;
				CLANG_WARN_DIRECT_OBJC_ISA_USAGE = YES_ERROR;
				CLANG_WARN_EMPTY_BODY = YES;
				CLANG_WARN_ENUM_CONVERSION = YES;
				CLANG_WARN_INT_CONVERSION = YES;
				CLANG_WARN_OBJC_ROOT_CLASS = YES_ERROR;
				CLANG_WARN__DUPLICATE_METHOD_MATCH = YES;
				"CODE_SIGN_IDENTITY[sdk=iphoneos*]" = "iPhone Developer";
				COPY_PHASE_STRIP = YES;
				ENABLE_NS_ASSERTIONS = NO;
				GCC_C_LANGUAGE_STANDARD = gnu99;
				GCC_WARN_64_TO_32_BIT_CONVERSION = YES;
				GCC_WARN_ABOUT_RETURN_TYPE = YES_ERROR;
				GCC_WARN_UNDECLARED_SELECTOR = YES;
				GCC_WARN_UNINITIALIZED_AUTOS = YES;
				GCC_WARN_UNUSED_FUNCTION = YES;
				GCC_WARN_UNUSED_VARIABLE = YES;
				IPHONEOS_DEPLOYMENT_TARGET = 7.0;
				SDKROOT = iphoneos;
				VALIDATE_PRODUCT = YES;
			};
			name = Release;
		};
		7683B7DC17E76AE200B4D96D /* Debug */ = {
			isa = XCBuildConfiguration;
			buildSettings = {
				ASSETCATALOG_COMPILER_APPICON_NAME = AppIcon;
				ASSETCATALOG_COMPILER_LAUNCHIMAGE_NAME = LaunchImage;
				GCC_PRECOMPILE_PREFIX_HEADER = YES;
				GCC_PREFIX_HEADER = "Care/Care-Prefix.pch";
				HEADER_SEARCH_PATHS = (
					"$(inherited)",
					/Applications/Xcode.app/Contents/Developer/Toolchains/XcodeDefault.xctoolchain/usr/include,
					"\"$(BUILT_PRODUCTS_DIR)/../../Headers\"",
				);
				INFOPLIST_FILE = "Care/Care-Info.plist";
				OTHER_LDFLAGS = (
					"-all_load",
					"-ObjC",
				);
				PRODUCT_NAME = "$(TARGET_NAME)";
				WRAPPER_EXTENSION = app;
			};
			name = Debug;
		};
		7683B7DD17E76AE200B4D96D /* Release */ = {
			isa = XCBuildConfiguration;
			buildSettings = {
				ASSETCATALOG_COMPILER_APPICON_NAME = AppIcon;
				ASSETCATALOG_COMPILER_LAUNCHIMAGE_NAME = LaunchImage;
				GCC_PRECOMPILE_PREFIX_HEADER = YES;
				GCC_PREFIX_HEADER = "Care/Care-Prefix.pch";
				HEADER_SEARCH_PATHS = (
					"$(inherited)",
					/Applications/Xcode.app/Contents/Developer/Toolchains/XcodeDefault.xctoolchain/usr/include,
					"\"$(BUILT_PRODUCTS_DIR)/../../Headers\"",
				);
				INFOPLIST_FILE = "Care/Care-Info.plist";
				OTHER_LDFLAGS = (
					"-all_load",
					"-ObjC",
				);
				PRODUCT_NAME = "$(TARGET_NAME)";
				WRAPPER_EXTENSION = app;
			};
			name = Release;
		};
		7683B7DF17E76AE200B4D96D /* Debug */ = {
			isa = XCBuildConfiguration;
			buildSettings = {
				ARCHS = "$(ARCHS_STANDARD_INCLUDING_64_BIT)";
				BUNDLE_LOADER = "$(BUILT_PRODUCTS_DIR)/Care.app/Care";
				FRAMEWORK_SEARCH_PATHS = (
					"$(SDKROOT)/Developer/Library/Frameworks",
					"$(inherited)",
					"$(DEVELOPER_FRAMEWORKS_DIR)",
				);
				GCC_PRECOMPILE_PREFIX_HEADER = YES;
				GCC_PREFIX_HEADER = "Care/Care-Prefix.pch";
				GCC_PREPROCESSOR_DEFINITIONS = (
					"DEBUG=1",
					"$(inherited)",
				);
				INFOPLIST_FILE = "CareTests/CareTests-Info.plist";
				PRODUCT_NAME = "$(TARGET_NAME)";
				TEST_HOST = "$(BUNDLE_LOADER)";
				WRAPPER_EXTENSION = xctest;
			};
			name = Debug;
		};
		7683B7E017E76AE200B4D96D /* Release */ = {
			isa = XCBuildConfiguration;
			buildSettings = {
				ARCHS = "$(ARCHS_STANDARD_INCLUDING_64_BIT)";
				BUNDLE_LOADER = "$(BUILT_PRODUCTS_DIR)/Care.app/Care";
				FRAMEWORK_SEARCH_PATHS = (
					"$(SDKROOT)/Developer/Library/Frameworks",
					"$(inherited)",
					"$(DEVELOPER_FRAMEWORKS_DIR)",
				);
				GCC_PRECOMPILE_PREFIX_HEADER = YES;
				GCC_PREFIX_HEADER = "Care/Care-Prefix.pch";
				INFOPLIST_FILE = "CareTests/CareTests-Info.plist";
				PRODUCT_NAME = "$(TARGET_NAME)";
				TEST_HOST = "$(BUNDLE_LOADER)";
				WRAPPER_EXTENSION = xctest;
			};
			name = Release;
		};
/* End XCBuildConfiguration section */

/* Begin XCConfigurationList section */
		7683B7A117E76AE100B4D96D /* Build configuration list for PBXProject "Care" */ = {
			isa = XCConfigurationList;
			buildConfigurations = (
				7683B7D917E76AE200B4D96D /* Debug */,
				7683B7DA17E76AE200B4D96D /* Release */,
			);
			defaultConfigurationIsVisible = 0;
			defaultConfigurationName = Release;
		};
		7683B7DB17E76AE200B4D96D /* Build configuration list for PBXNativeTarget "Care" */ = {
			isa = XCConfigurationList;
			buildConfigurations = (
				7683B7DC17E76AE200B4D96D /* Debug */,
				7683B7DD17E76AE200B4D96D /* Release */,
			);
			defaultConfigurationIsVisible = 0;
			defaultConfigurationName = Release;
		};
		7683B7DE17E76AE200B4D96D /* Build configuration list for PBXNativeTarget "CareTests" */ = {
			isa = XCConfigurationList;
			buildConfigurations = (
				7683B7DF17E76AE200B4D96D /* Debug */,
				7683B7E017E76AE200B4D96D /* Release */,
			);
			defaultConfigurationIsVisible = 0;
			defaultConfigurationName = Release;
		};
/* End XCConfigurationList section */

/* Begin XCVersionGroup section */
		7683B7F017E7722300B4D96D /* Model.xcdatamodeld */ = {
			isa = XCVersionGroup;
			children = (
				7683B7F117E7722300B4D96D /* Model.xcdatamodel */,
			);
			currentVersion = 7683B7F117E7722300B4D96D /* Model.xcdatamodel */;
			path = Model.xcdatamodeld;
			sourceTree = "<group>";
			versionGroupType = wrapper.xcdatamodel;
		};
/* End XCVersionGroup section */
	};
	rootObject = 7683B79E17E76AE100B4D96D /* Project object */;
}
